// !$*UTF8*$!
{
	archiveVersion = 1;
	classes = {
	};
	objectVersion = 77;
	objects = {

/* Begin PBXBuildFile section */
		391A43DF2F3B434800E2DDBB /* WidgetKit.framework in Frameworks */ = {isa = PBXBuildFile; fileRef = 391A43DE2F3B434800E2DDBB /* WidgetKit.framework */; };
		391A43E12F3B434800E2DDBB /* SwiftUI.framework in Frameworks */ = {isa = PBXBuildFile; fileRef = 391A43E02F3B434800E2DDBB /* SwiftUI.framework */; };
		391A43F22F3B434900E2DDBB /* EsDeNocheWidgetExtension.appex in Embed Foundation Extensions */ = {isa = PBXBuildFile; fileRef = 391A43DC2F3B434800E2DDBB /* EsDeNocheWidgetExtension.appex */; settings = {ATTRIBUTES = (RemoveHeadersOnCopy, ); }; };
		398159522F3B6394005BD83C /* EsDeNocheWatch Watch App.app in Embed Watch Content */ = {isa = PBXBuildFile; fileRef = 398159512F3B6394005BD83C /* EsDeNocheWatch Watch App.app */; settings = {ATTRIBUTES = (RemoveHeadersOnCopy, ); }; };
/* End PBXBuildFile section */

/* Begin PBXContainerItemProxy section */
		391A43F02F3B434900E2DDBB /* PBXContainerItemProxy */ = {
			isa = PBXContainerItemProxy;
			containerPortal = 39B5A2002F3B32D400256545 /* Project object */;
			proxyType = 1;
			remoteGlobalIDString = 391A43DB2F3B434800E2DDBB;
			remoteInfo = EsDeNocheWidgetExtension;
		};
		398159532F3B6394005BD83C /* PBXContainerItemProxy */ = {
			isa = PBXContainerItemProxy;
			containerPortal = 39B5A2002F3B32D400256545 /* Project object */;
			proxyType = 1;
			remoteGlobalIDString = 398159502F3B6394005BD83C;
			remoteInfo = "EsDeNocheWatch Watch App";
		};
/* End PBXContainerItemProxy section */

/* Begin PBXCopyFilesBuildPhase section */
		391A43F32F3B434900E2DDBB /* Embed Foundation Extensions */ = {
			isa = PBXCopyFilesBuildPhase;
			buildActionMask = 2147483647;
			dstPath = "";
			dstSubfolderSpec = 13;
			files = (
				391A43F22F3B434900E2DDBB /* EsDeNocheWidgetExtension.appex in Embed Foundation Extensions */,
			);
			name = "Embed Foundation Extensions";
			runOnlyForDeploymentPostprocessing = 0;
		};
		3981595E2F3B6395005BD83C /* Embed Watch Content */ = {
			isa = PBXCopyFilesBuildPhase;
			buildActionMask = 2147483647;
			dstPath = "$(CONTENTS_FOLDER_PATH)/Watch";
			dstSubfolderSpec = 16;
			files = (
				398159522F3B6394005BD83C /* EsDeNocheWatch Watch App.app in Embed Watch Content */,
			);
			name = "Embed Watch Content";
			runOnlyForDeploymentPostprocessing = 0;
		};
/* End PBXCopyFilesBuildPhase section */

/* Begin PBXFileReference section */
		391A43DC2F3B434800E2DDBB /* EsDeNocheWidgetExtension.appex */ = {isa = PBXFileReference; explicitFileType = "wrapper.app-extension"; includeInIndex = 0; path = EsDeNocheWidgetExtension.appex; sourceTree = BUILT_PRODUCTS_DIR; };
		391A43DE2F3B434800E2DDBB /* WidgetKit.framework */ = {isa = PBXFileReference; lastKnownFileType = wrapper.framework; name = WidgetKit.framework; path = System/Library/Frameworks/WidgetKit.framework; sourceTree = SDKROOT; };
		391A43E02F3B434800E2DDBB /* SwiftUI.framework */ = {isa = PBXFileReference; lastKnownFileType = wrapper.framework; name = SwiftUI.framework; path = System/Library/Frameworks/SwiftUI.framework; sourceTree = SDKROOT; };
		3981594C2F3B6394005BD83C /* EsDeNocheWatch.app */ = {isa = PBXFileReference; explicitFileType = wrapper.application; includeInIndex = 0; path = EsDeNocheWatch.app; sourceTree = BUILT_PRODUCTS_DIR; };
		398159512F3B6394005BD83C /* EsDeNocheWatch Watch App.app */ = {isa = PBXFileReference; explicitFileType = wrapper.application; includeInIndex = 0; path = "EsDeNocheWatch Watch App.app"; sourceTree = BUILT_PRODUCTS_DIR; };
		39B5A2082F3B32D400256545 /* Es de dia o de noche.app */ = {isa = PBXFileReference; explicitFileType = wrapper.application; includeInIndex = 0; path = "Es de dia o de noche.app"; sourceTree = BUILT_PRODUCTS_DIR; };
/* End PBXFileReference section */

/* Begin PBXFileSystemSynchronizedBuildFileExceptionSet section */
		398159312F3B5A4E005BD83C /* Exceptions for "Es de dia o de noche" folder in "Es de dia o de noche" target */ = {
			isa = PBXFileSystemSynchronizedBuildFileExceptionSet;
			membershipExceptions = (
				EsDeNocheWidget.swift,
			);
			target = 39B5A2072F3B32D400256545 /* Es de dia o de noche */;
		};
/* End PBXFileSystemSynchronizedBuildFileExceptionSet section */

/* Begin PBXFileSystemSynchronizedRootGroup section */
		398159552F3B6394005BD83C /* EsDeNocheWatch Watch App */ = {
			isa = PBXFileSystemSynchronizedRootGroup;
			path = "EsDeNocheWatch Watch App";
			sourceTree = "<group>";
		};
		39B5A20A2F3B32D400256545 /* Es de dia o de noche */ = {
			isa = PBXFileSystemSynchronizedRootGroup;
			exceptions = (
				398159312F3B5A4E005BD83C /* Exceptions for "Es de dia o de noche" folder in "Es de dia o de noche" target */,
			);
			path = "Es de dia o de noche";
			sourceTree = "<group>";
		};
/* End PBXFileSystemSynchronizedRootGroup section */

/* Begin PBXFrameworksBuildPhase section */
		391A43D92F3B434800E2DDBB /* Frameworks */ = {
			isa = PBXFrameworksBuildPhase;
			buildActionMask = 2147483647;
			files = (
				391A43E12F3B434800E2DDBB /* SwiftUI.framework in Frameworks */,
				391A43DF2F3B434800E2DDBB /* WidgetKit.framework in Frameworks */,
			);
			runOnlyForDeploymentPostprocessing = 0;
		};
		3981594E2F3B6394005BD83C /* Frameworks */ = {
			isa = PBXFrameworksBuildPhase;
			buildActionMask = 2147483647;
			files = (
			);
			runOnlyForDeploymentPostprocessing = 0;
		};
		39B5A2052F3B32D400256545 /* Frameworks */ = {
			isa = PBXFrameworksBuildPhase;
			buildActionMask = 2147483647;
			files = (
			);
			runOnlyForDeploymentPostprocessing = 0;
		};
/* End PBXFrameworksBuildPhase section */

/* Begin PBXGroup section */
		391A43DD2F3B434800E2DDBB /* Frameworks */ = {
			isa = PBXGroup;
			children = (
				391A43DE2F3B434800E2DDBB /* WidgetKit.framework */,
				391A43E02F3B434800E2DDBB /* SwiftUI.framework */,
			);
			name = Frameworks;
			sourceTree = "<group>";
		};
		39B5A1FF2F3B32D400256545 = {
			isa = PBXGroup;
			children = (
				39B5A20A2F3B32D400256545 /* Es de dia o de noche */,
				398159552F3B6394005BD83C /* EsDeNocheWatch Watch App */,
				391A43DD2F3B434800E2DDBB /* Frameworks */,
				39B5A2092F3B32D400256545 /* Products */,
			);
			sourceTree = "<group>";
		};
		39B5A2092F3B32D400256545 /* Products */ = {
			isa = PBXGroup;
			children = (
				39B5A2082F3B32D400256545 /* Es de dia o de noche.app */,
				391A43DC2F3B434800E2DDBB /* EsDeNocheWidgetExtension.appex */,
				3981594C2F3B6394005BD83C /* EsDeNocheWatch.app */,
				398159512F3B6394005BD83C /* EsDeNocheWatch Watch App.app */,
			);
			name = Products;
			sourceTree = "<group>";
		};
/* End PBXGroup section */

/* Begin PBXNativeTarget section */
		391A43DB2F3B434800E2DDBB /* EsDeNocheWidgetExtension */ = {
			isa = PBXNativeTarget;
			buildConfigurationList = 391A43F72F3B434900E2DDBB /* Build configuration list for PBXNativeTarget "EsDeNocheWidgetExtension" */;
			buildPhases = (
				391A43D82F3B434800E2DDBB /* Sources */,
				391A43D92F3B434800E2DDBB /* Frameworks */,
				391A43DA2F3B434800E2DDBB /* Resources */,
			);
			buildRules = (
			);
			dependencies = (
			);
			name = EsDeNocheWidgetExtension;
			packageProductDependencies = (
			);
			productName = EsDeNocheWidgetExtension;
			productReference = 391A43DC2F3B434800E2DDBB /* EsDeNocheWidgetExtension.appex */;
			productType = "com.apple.product-type.app-extension";
		};
		3981594B2F3B6394005BD83C /* EsDeNocheWatch */ = {
			isa = PBXNativeTarget;
			buildConfigurationList = 398159622F3B6395005BD83C /* Build configuration list for PBXNativeTarget "EsDeNocheWatch" */;
			buildPhases = (
				3981594A2F3B6394005BD83C /* Resources */,
				3981595E2F3B6395005BD83C /* Embed Watch Content */,
			);
			buildRules = (
			);
			dependencies = (
				398159542F3B6394005BD83C /* PBXTargetDependency */,
			);
			name = EsDeNocheWatch;
			packageProductDependencies = (
			);
			productName = EsDeNocheWatch;
			productReference = 3981594C2F3B6394005BD83C /* EsDeNocheWatch.app */;
			productType = "com.apple.product-type.application.watchapp2-container";
		};
		398159502F3B6394005BD83C /* EsDeNocheWatch Watch App */ = {
			isa = PBXNativeTarget;
			buildConfigurationList = 398159612F3B6395005BD83C /* Build configuration list for PBXNativeTarget "EsDeNocheWatch Watch App" */;
			buildPhases = (
				3981594D2F3B6394005BD83C /* Sources */,
				3981594E2F3B6394005BD83C /* Frameworks */,
				3981594F2F3B6394005BD83C /* Resources */,
			);
			buildRules = (
			);
			dependencies = (
			);
			fileSystemSynchronizedGroups = (
				398159552F3B6394005BD83C /* EsDeNocheWatch Watch App */,
			);
			name = "EsDeNocheWatch Watch App";
			packageProductDependencies = (
			);
			productName = "EsDeNocheWatch Watch App";
			productReference = 398159512F3B6394005BD83C /* EsDeNocheWatch Watch App.app */;
			productType = "com.apple.product-type.application";
		};
		39B5A2072F3B32D400256545 /* Es de dia o de noche */ = {
			isa = PBXNativeTarget;
			buildConfigurationList = 39B5A2132F3B32D500256545 /* Build configuration list for PBXNativeTarget "Es de dia o de noche" */;
			buildPhases = (
				39B5A2042F3B32D400256545 /* Sources */,
				39B5A2052F3B32D400256545 /* Frameworks */,
				39B5A2062F3B32D400256545 /* Resources */,
				391A43F32F3B434900E2DDBB /* Embed Foundation Extensions */,
			);
			buildRules = (
			);
			dependencies = (
				391A43F12F3B434900E2DDBB /* PBXTargetDependency */,
			);
			fileSystemSynchronizedGroups = (
				39B5A20A2F3B32D400256545 /* Es de dia o de noche */,
			);
			name = "Es de dia o de noche";
			packageProductDependencies = (
			);
			productName = "Es de dia o de noche";
			productReference = 39B5A2082F3B32D400256545 /* Es de dia o de noche.app */;
			productType = "com.apple.product-type.application";
		};
/* End PBXNativeTarget section */

/* Begin PBXProject section */
		39B5A2002F3B32D400256545 /* Project object */ = {
			isa = PBXProject;
			attributes = {
				BuildIndependentTargetsInParallel = 1;
				LastSwiftUpdateCheck = 2620;
				LastUpgradeCheck = 2620;
				TargetAttributes = {
					391A43DB2F3B434800E2DDBB = {
						CreatedOnToolsVersion = 26.2;
					};
					3981594B2F3B6394005BD83C = {
						CreatedOnToolsVersion = 26.2;
					};
					398159502F3B6394005BD83C = {
						CreatedOnToolsVersion = 26.2;
					};
					39B5A2072F3B32D400256545 = {
						CreatedOnToolsVersion = 26.2;
						LastSwiftMigration = 2620;
					};
				};
			};
			buildConfigurationList = 39B5A2032F3B32D400256545 /* Build configuration list for PBXProject "Es de dia o de noche" */;
			developmentRegion = en;
			hasScannedForEncodings = 0;
			knownRegions = (
				en,
				Base,
			);
			mainGroup = 39B5A1FF2F3B32D400256545;
			minimizedProjectReferenceProxies = 1;
			preferredProjectObjectVersion = 77;
			productRefGroup = 39B5A2092F3B32D400256545 /* Products */;
			projectDirPath = "";
			projectRoot = "";
			targets = (
				39B5A2072F3B32D400256545 /* Es de dia o de noche */,
				391A43DB2F3B434800E2DDBB /* EsDeNocheWidgetExtension */,
				3981594B2F3B6394005BD83C /* EsDeNocheWatch */,
				398159502F3B6394005BD83C /* EsDeNocheWatch Watch App */,
			);
		};
/* End PBXProject section */

/* Begin PBXResourcesBuildPhase section */
		391A43DA2F3B434800E2DDBB /* Resources */ = {
			isa = PBXResourcesBuildPhase;
			buildActionMask = 2147483647;
			files = (
			);
			runOnlyForDeploymentPostprocessing = 0;
		};
		3981594A2F3B6394005BD83C /* Resources */ = {
			isa = PBXResourcesBuildPhase;
			buildActionMask = 2147483647;
			files = (
			);
			runOnlyForDeploymentPostprocessing = 0;
		};
		3981594F2F3B6394005BD83C /* Resources */ = {
			isa = PBXResourcesBuildPhase;
			buildActionMask = 2147483647;
			files = (
			);
			runOnlyForDeploymentPostprocessing = 0;
		};
		39B5A2062F3B32D400256545 /* Resources */ = {
			isa = PBXResourcesBuildPhase;
			buildActionMask = 2147483647;
			files = (
			);
			runOnlyForDeploymentPostprocessing = 0;
		};
/* End PBXResourcesBuildPhase section */

/* Begin PBXSourcesBuildPhase section */
		391A43D82F3B434800E2DDBB /* Sources */ = {
			isa = PBXSourcesBuildPhase;
			buildActionMask = 2147483647;
			files = (
			);
			runOnlyForDeploymentPostprocessing = 0;
		};
		3981594D2F3B6394005BD83C /* Sources */ = {
			isa = PBXSourcesBuildPhase;
			buildActionMask = 2147483647;
			files = (
			);
			runOnlyForDeploymentPostprocessing = 0;
		};
		39B5A2042F3B32D400256545 /* Sources */ = {
			isa = PBXSourcesBuildPhase;
			buildActionMask = 2147483647;
			files = (
			);
			runOnlyForDeploymentPostprocessing = 0;
		};
/* End PBXSourcesBuildPhase section */

/* Begin PBXTargetDependency section */
		391A43F12F3B434900E2DDBB /* PBXTargetDependency */ = {
			isa = PBXTargetDependency;
			target = 391A43DB2F3B434800E2DDBB /* EsDeNocheWidgetExtension */;
			targetProxy = 391A43F02F3B434900E2DDBB /* PBXContainerItemProxy */;
		};
		398159542F3B6394005BD83C /* PBXTargetDependency */ = {
			isa = PBXTargetDependency;
			target = 398159502F3B6394005BD83C /* EsDeNocheWatch Watch App */;
			targetProxy = 398159532F3B6394005BD83C /* PBXContainerItemProxy */;
		};
/* End PBXTargetDependency section */

/* Begin XCBuildConfiguration section */
		391A43F42F3B434900E2DDBB /* Debug */ = {
			isa = XCBuildConfiguration;
			buildSettings = {
				ASSETCATALOG_COMPILER_GLOBAL_ACCENT_COLOR_NAME = AccentColor;
				ASSETCATALOG_COMPILER_WIDGET_BACKGROUND_COLOR_NAME = WidgetBackground;
				CODE_SIGN_STYLE = Automatic;
				CURRENT_PROJECT_VERSION = 1;
				DEVELOPMENT_TEAM = 7D376S6N7R;
				GENERATE_INFOPLIST_FILE = YES;
				INFOPLIST_FILE = EsDeNocheWidget/Info.plist;
				INFOPLIST_KEY_CFBundleDisplayName = EsDeNocheWidget;
				INFOPLIST_KEY_NSHumanReadableCopyright = "";
				LD_RUNPATH_SEARCH_PATHS = (
					"$(inherited)",
					"@executable_path/Frameworks",
					"@executable_path/../../Frameworks",
				);
				MARKETING_VERSION = 1.0;
				PRODUCT_BUNDLE_IDENTIFIER = "com.fernandodm.Es-de-dia-o-de-noche.EsDeNocheWidget";
				PRODUCT_NAME = "$(TARGET_NAME)";
				SKIP_INSTALL = YES;
				STRING_CATALOG_GENERATE_SYMBOLS = YES;
				SWIFT_APPROACHABLE_CONCURRENCY = YES;
				SWIFT_EMIT_LOC_STRINGS = YES;
				SWIFT_UPCOMING_FEATURE_MEMBER_IMPORT_VISIBILITY = YES;
				SWIFT_VERSION = 5.0;
				TARGETED_DEVICE_FAMILY = "1,2";
			};
			name = Debug;
		};
		391A43F52F3B434900E2DDBB /* Release */ = {
			isa = XCBuildConfiguration;
			buildSettings = {
				ASSETCATALOG_COMPILER_GLOBAL_ACCENT_COLOR_NAME = AccentColor;
				ASSETCATALOG_COMPILER_WIDGET_BACKGROUND_COLOR_NAME = WidgetBackground;
				CODE_SIGN_STYLE = Automatic;
				CURRENT_PROJECT_VERSION = 1;
				DEVELOPMENT_TEAM = 7D376S6N7R;
				GENERATE_INFOPLIST_FILE = YES;
				INFOPLIST_FILE = EsDeNocheWidget/Info.plist;
				INFOPLIST_KEY_CFBundleDisplayName = EsDeNocheWidget;
				INFOPLIST_KEY_NSHumanReadableCopyright = "";
				LD_RUNPATH_SEARCH_PATHS = (
					"$(inherited)",
					"@executable_path/Frameworks",
					"@executable_path/../../Frameworks",
				);
				MARKETING_VERSION = 1.0;
				PRODUCT_BUNDLE_IDENTIFIER = "com.fernandodm.Es-de-dia-o-de-noche.EsDeNocheWidget";
				PRODUCT_NAME = "$(TARGET_NAME)";
				SKIP_INSTALL = YES;
				STRING_CATALOG_GENERATE_SYMBOLS = YES;
				SWIFT_APPROACHABLE_CONCURRENCY = YES;
				SWIFT_EMIT_LOC_STRINGS = YES;
				SWIFT_UPCOMING_FEATURE_MEMBER_IMPORT_VISIBILITY = YES;
				SWIFT_VERSION = 5.0;
				TARGETED_DEVICE_FAMILY = "1,2";
			};
			name = Release;
		};
		3981595C2F3B6395005BD83C /* Debug */ = {
			isa = XCBuildConfiguration;
			buildSettings = {
				CODE_SIGN_STYLE = Automatic;
				CURRENT_PROJECT_VERSION = 1;
				DEVELOPMENT_TEAM = 7D376S6N7R;
				INFOPLIST_KEY_CFBundleDisplayName = EsDeNocheWatch;
				MARKETING_VERSION = 1.0;
				PRODUCT_BUNDLE_IDENTIFIER = com.fernandodm.EsDeNocheWatch;
				PRODUCT_NAME = "$(TARGET_NAME)";
				SWIFT_APPROACHABLE_CONCURRENCY = YES;
				SWIFT_UPCOMING_FEATURE_MEMBER_IMPORT_VISIBILITY = YES;
				SWIFT_VERSION = 5.0;
			};
			name = Debug;
		};
		3981595D2F3B6395005BD83C /* Release */ = {
			isa = XCBuildConfiguration;
			buildSettings = {
				CODE_SIGN_STYLE = Automatic;
				CURRENT_PROJECT_VERSION = 1;
				DEVELOPMENT_TEAM = 7D376S6N7R;
				INFOPLIST_KEY_CFBundleDisplayName = EsDeNocheWatch;
				MARKETING_VERSION = 1.0;
				PRODUCT_BUNDLE_IDENTIFIER = com.fernandodm.EsDeNocheWatch;
				PRODUCT_NAME = "$(TARGET_NAME)";
				SWIFT_APPROACHABLE_CONCURRENCY = YES;
				SWIFT_UPCOMING_FEATURE_MEMBER_IMPORT_VISIBILITY = YES;
				SWIFT_VERSION = 5.0;
			};
			name = Release;
		};
		3981595F2F3B6395005BD83C /* Debug */ = {
			isa = XCBuildConfiguration;
			buildSettings = {
				ASSETCATALOG_COMPILER_APPICON_NAME = AppIcon;
				ASSETCATALOG_COMPILER_GLOBAL_ACCENT_COLOR_NAME = AccentColor;
				CODE_SIGN_STYLE = Automatic;
				CURRENT_PROJECT_VERSION = 1;
				DEVELOPMENT_TEAM = 7D376S6N7R;
				ENABLE_PREVIEWS = YES;
				GENERATE_INFOPLIST_FILE = YES;
				INFOPLIST_KEY_CFBundleDisplayName = EsDeNocheWatch;
				INFOPLIST_KEY_UISupportedInterfaceOrientations = "UIInterfaceOrientationPortrait UIInterfaceOrientationPortraitUpsideDown";
				INFOPLIST_KEY_WKWatchOnly = YES;
				LD_RUNPATH_SEARCH_PATHS = (
					"$(inherited)",
					"@executable_path/Frameworks",
				);
				MARKETING_VERSION = 1.0;
				PRODUCT_BUNDLE_IDENTIFIER = com.fernandodm.EsDeNocheWatch.watchkitapp;
				PRODUCT_NAME = "$(TARGET_NAME)";
				SDKROOT = watchos;
				SKIP_INSTALL = YES;
				STRING_CATALOG_GENERATE_SYMBOLS = YES;
				SWIFT_APPROACHABLE_CONCURRENCY = YES;
				SWIFT_DEFAULT_ACTOR_ISOLATION = MainActor;
				SWIFT_EMIT_LOC_STRINGS = YES;
				SWIFT_UPCOMING_FEATURE_MEMBER_IMPORT_VISIBILITY = YES;
				SWIFT_VERSION = 5.0;
				TARGETED_DEVICE_FAMILY = 4;
				WATCHOS_DEPLOYMENT_TARGET = 26.2;
			};
			name = Debug;
		};
		398159602F3B6395005BD83C /* Release */ = {
			isa = XCBuildConfiguration;
			buildSettings = {
				ASSETCATALOG_COMPILER_APPICON_NAME = AppIcon;
				ASSETCATALOG_COMPILER_GLOBAL_ACCENT_COLOR_NAME = AccentColor;
				CODE_SIGN_STYLE = Automatic;
				CURRENT_PROJECT_VERSION = 1;
				DEVELOPMENT_TEAM = 7D376S6N7R;
				ENABLE_PREVIEWS = YES;
				GENERATE_INFOPLIST_FILE = YES;
				INFOPLIST_KEY_CFBundleDisplayName = EsDeNocheWatch;
				INFOPLIST_KEY_UISupportedInterfaceOrientations = "UIInterfaceOrientationPortrait UIInterfaceOrientationPortraitUpsideDown";
				INFOPLIST_KEY_WKWatchOnly = YES;
				LD_RUNPATH_SEARCH_PATHS = (
					"$(inherited)",
					"@executable_path/Frameworks",
				);
				MARKETING_VERSION = 1.0;
				PRODUCT_BUNDLE_IDENTIFIER = com.fernandodm.EsDeNocheWatch.watchkitapp;
				PRODUCT_NAME = "$(TARGET_NAME)";
				SDKROOT = watchos;
				SKIP_INSTALL = YES;
				STRING_CATALOG_GENERATE_SYMBOLS = YES;
				SWIFT_APPROACHABLE_CONCURRENCY = YES;
				SWIFT_DEFAULT_ACTOR_ISOLATION = MainActor;
				SWIFT_EMIT_LOC_STRINGS = YES;
				SWIFT_UPCOMING_FEATURE_MEMBER_IMPORT_VISIBILITY = YES;
				SWIFT_VERSION = 5.0;
				TARGETED_DEVICE_FAMILY = 4;
				WATCHOS_DEPLOYMENT_TARGET = 26.2;
			};
			name = Release;
		};
		39B5A2112F3B32D500256545 /* Debug */ = {
			isa = XCBuildConfiguration;
			buildSettings = {
				ALWAYS_SEARCH_USER_PATHS = NO;
				ASSETCATALOG_COMPILER_GENERATE_SWIFT_ASSET_SYMBOL_EXTENSIONS = YES;
				CLANG_ANALYZER_NONNULL = YES;
				CLANG_ANALYZER_NUMBER_OBJECT_CONVERSION = YES_AGGRESSIVE;
				CLANG_CXX_LANGUAGE_STANDARD = "gnu++20";
				CLANG_ENABLE_MODULES = YES;
				CLANG_ENABLE_OBJC_ARC = YES;
				CLANG_ENABLE_OBJC_WEAK = YES;
				CLANG_WARN_BLOCK_CAPTURE_AUTORELEASING = YES;
				CLANG_WARN_BOOL_CONVERSION = YES;
				CLANG_WARN_COMMA = YES;
				CLANG_WARN_CONSTANT_CONVERSION = YES;
				CLANG_WARN_DEPRECATED_OBJC_IMPLEMENTATIONS = YES;
				CLANG_WARN_DIRECT_OBJC_ISA_USAGE = YES_ERROR;
				CLANG_WARN_DOCUMENTATION_COMMENTS = YES;
				CLANG_WARN_EMPTY_BODY = YES;
				CLANG_WARN_ENUM_CONVERSION = YES;
				CLANG_WARN_INFINITE_RECURSION = YES;
				CLANG_WARN_INT_CONVERSION = YES;
				CLANG_WARN_NON_LITERAL_NULL_CONVERSION = YES;
				CLANG_WARN_OBJC_IMPLICIT_RETAIN_SELF = YES;
				CLANG_WARN_OBJC_LITERAL_CONVERSION = YES;
				CLANG_WARN_OBJC_ROOT_CLASS = YES_ERROR;
				CLANG_WARN_QUOTED_INCLUDE_IN_FRAMEWORK_HEADER = YES;
				CLANG_WARN_RANGE_LOOP_ANALYSIS = YES;
				CLANG_WARN_STRICT_PROTOTYPES = YES;
				CLANG_WARN_SUSPICIOUS_MOVE = YES;
				CLANG_WARN_UNGUARDED_AVAILABILITY = YES_AGGRESSIVE;
				CLANG_WARN_UNREACHABLE_CODE = YES;
				CLANG_WARN__DUPLICATE_METHOD_MATCH = YES;
				COPY_PHASE_STRIP = NO;
				DEBUG_INFORMATION_FORMAT = dwarf;
				DEVELOPMENT_TEAM = 7D376S6N7R;
				ENABLE_STRICT_OBJC_MSGSEND = YES;
				ENABLE_TESTABILITY = YES;
				ENABLE_USER_SCRIPT_SANDBOXING = YES;
				GCC_C_LANGUAGE_STANDARD = gnu17;
				GCC_DYNAMIC_NO_PIC = NO;
				GCC_NO_COMMON_BLOCKS = YES;
				GCC_OPTIMIZATION_LEVEL = 0;
				GCC_PREPROCESSOR_DEFINITIONS = (
					"DEBUG=1",
					"$(inherited)",
				);
				GCC_WARN_64_TO_32_BIT_CONVERSION = YES;
				GCC_WARN_ABOUT_RETURN_TYPE = YES_ERROR;
				GCC_WARN_UNDECLARED_SELECTOR = YES;
				GCC_WARN_UNINITIALIZED_AUTOS = YES_AGGRESSIVE;
				GCC_WARN_UNUSED_FUNCTION = YES;
				GCC_WARN_UNUSED_VARIABLE = YES;
				IPHONEOS_DEPLOYMENT_TARGET = 26.2;
				LOCALIZATION_PREFERS_STRING_CATALOGS = YES;
				MTL_ENABLE_DEBUG_INFO = INCLUDE_SOURCE;
				MTL_FAST_MATH = YES;
				ONLY_ACTIVE_ARCH = YES;
				SDKROOT = iphoneos;
				SWIFT_ACTIVE_COMPILATION_CONDITIONS = "DEBUG $(inherited)";
				SWIFT_OPTIMIZATION_LEVEL = "-Onone";
			};
			name = Debug;
		};
		39B5A2122F3B32D500256545 /* Release */ = {
			isa = XCBuildConfiguration;
			buildSettings = {
				ALWAYS_SEARCH_USER_PATHS = NO;
				ASSETCATALOG_COMPILER_GENERATE_SWIFT_ASSET_SYMBOL_EXTENSIONS = YES;
				CLANG_ANALYZER_NONNULL = YES;
				CLANG_ANALYZER_NUMBER_OBJECT_CONVERSION = YES_AGGRESSIVE;
				CLANG_CXX_LANGUAGE_STANDARD = "gnu++20";
				CLANG_ENABLE_MODULES = YES;
				CLANG_ENABLE_OBJC_ARC = YES;
				CLANG_ENABLE_OBJC_WEAK = YES;
				CLANG_WARN_BLOCK_CAPTURE_AUTORELEASING = YES;
				CLANG_WARN_BOOL_CONVERSION = YES;
				CLANG_WARN_COMMA = YES;
				CLANG_WARN_CONSTANT_CONVERSION = YES;
				CLANG_WARN_DEPRECATED_OBJC_IMPLEMENTATIONS = YES;
				CLANG_WARN_DIRECT_OBJC_ISA_USAGE = YES_ERROR;
				CLANG_WARN_DOCUMENTATION_COMMENTS = YES;
				CLANG_WARN_EMPTY_BODY = YES;
				CLANG_WARN_ENUM_CONVERSION = YES;
				CLANG_WARN_INFINITE_RECURSION = YES;
				CLANG_WARN_INT_CONVERSION = YES;
				CLANG_WARN_NON_LITERAL_NULL_CONVERSION = YES;
				CLANG_WARN_OBJC_IMPLICIT_RETAIN_SELF = YES;
				CLANG_WARN_OBJC_LITERAL_CONVERSION = YES;
				CLANG_WARN_OBJC_ROOT_CLASS = YES_ERROR;
				CLANG_WARN_QUOTED_INCLUDE_IN_FRAMEWORK_HEADER = YES;
				CLANG_WARN_RANGE_LOOP_ANALYSIS = YES;
				CLANG_WARN_STRICT_PROTOTYPES = YES;
				CLANG_WARN_SUSPICIOUS_MOVE = YES;
				CLANG_WARN_UNGUARDED_AVAILABILITY = YES_AGGRESSIVE;
				CLANG_WARN_UNREACHABLE_CODE = YES;
				CLANG_WARN__DUPLICATE_METHOD_MATCH = YES;
				COPY_PHASE_STRIP = NO;
				DEBUG_INFORMATION_FORMAT = "dwarf-with-dsym";
				DEVELOPMENT_TEAM = 7D376S6N7R;
				ENABLE_NS_ASSERTIONS = NO;
				ENABLE_STRICT_OBJC_MSGSEND = YES;
				ENABLE_USER_SCRIPT_SANDBOXING = YES;
				GCC_C_LANGUAGE_STANDARD = gnu17;
				GCC_NO_COMMON_BLOCKS = YES;
				GCC_WARN_64_TO_32_BIT_CONVERSION = YES;
				GCC_WARN_ABOUT_RETURN_TYPE = YES_ERROR;
				GCC_WARN_UNDECLARED_SELECTOR = YES;
				GCC_WARN_UNINITIALIZED_AUTOS = YES_AGGRESSIVE;
				GCC_WARN_UNUSED_FUNCTION = YES;
				GCC_WARN_UNUSED_VARIABLE = YES;
				IPHONEOS_DEPLOYMENT_TARGET = 26.2;
				LOCALIZATION_PREFERS_STRING_CATALOGS = YES;
				MTL_ENABLE_DEBUG_INFO = NO;
				MTL_FAST_MATH = YES;
				SDKROOT = iphoneos;
				SWIFT_COMPILATION_MODE = wholemodule;
				VALIDATE_PRODUCT = YES;
			};
			name = Release;
		};
		39B5A2142F3B32D500256545 /* Debug */ = {
			isa = XCBuildConfiguration;
			buildSettings = {
				ASSETCATALOG_COMPILER_APPICON_NAME = AppIcon;
				ASSETCATALOG_COMPILER_GLOBAL_ACCENT_COLOR_NAME = AccentColor;
				CLANG_ENABLE_MODULES = YES;
				CODE_SIGN_STYLE = Automatic;
				CURRENT_PROJECT_VERSION = 1;
				DEVELOPMENT_TEAM = 7D376S6N7R;
				ENABLE_PREVIEWS = YES;
				GENERATE_INFOPLIST_FILE = YES;
				INFOPLIST_KEY_UIApplicationSceneManifest_Generation = YES;
				INFOPLIST_KEY_UIApplicationSupportsIndirectInputEvents = YES;
				INFOPLIST_KEY_UILaunchScreen_Generation = YES;
				INFOPLIST_KEY_UISupportedInterfaceOrientations_iPad = "UIInterfaceOrientationPortrait UIInterfaceOrientationPortraitUpsideDown UIInterfaceOrientationLandscapeLeft UIInterfaceOrientationLandscapeRight";
				INFOPLIST_KEY_UISupportedInterfaceOrientations_iPhone = "UIInterfaceOrientationPortrait UIInterfaceOrientationLandscapeLeft UIInterfaceOrientationLandscapeRight";
				IPHONEOS_DEPLOYMENT_TARGET = 17.6;
				LD_RUNPATH_SEARCH_PATHS = (
					"$(inherited)",
					"@executable_path/Frameworks",
				);
				MARKETING_VERSION = 1.0;
				PRODUCT_BUNDLE_IDENTIFIER = "com.fernandodm.Es-de-dia-o-de-noche";
				PRODUCT_NAME = "$(TARGET_NAME)";
				STRING_CATALOG_GENERATE_SYMBOLS = YES;
				SWIFT_APPROACHABLE_CONCURRENCY = YES;
				SWIFT_DEFAULT_ACTOR_ISOLATION = MainActor;
				SWIFT_EMIT_LOC_STRINGS = YES;
				SWIFT_OBJC_BRIDGING_HEADER = "Es de dia o de noche/Es de dia o de noche-Bridging-Header.h";
				SWIFT_OPTIMIZATION_LEVEL = "-Onone";
				SWIFT_UPCOMING_FEATURE_MEMBER_IMPORT_VISIBILITY = YES;
				SWIFT_VERSION = 5.0;
				TARGETED_DEVICE_FAMILY = "1,2";
			};
			name = Debug;
		};
		39B5A2152F3B32D500256545 /* Release */ = {
			isa = XCBuildConfiguration;
			buildSettings = {
				ASSETCATALOG_COMPILER_APPICON_NAME = AppIcon;
				ASSETCATALOG_COMPILER_GLOBAL_ACCENT_COLOR_NAME = AccentColor;
				CLANG_ENABLE_MODULES = YES;
				CODE_SIGN_STYLE = Automatic;
				CURRENT_PROJECT_VERSION = 1;
				DEVELOPMENT_TEAM = 7D376S6N7R;
				ENABLE_PREVIEWS = YES;
				GENERATE_INFOPLIST_FILE = YES;
				INFOPLIST_KEY_UIApplicationSceneManifest_Generation = YES;
				INFOPLIST_KEY_UIApplicationSupportsIndirectInputEvents = YES;
				INFOPLIST_KEY_UILaunchScreen_Generation = YES;
				INFOPLIST_KEY_UISupportedInterfaceOrientations_iPad = "UIInterfaceOrientationPortrait UIInterfaceOrientationPortraitUpsideDown UIInterfaceOrientationLandscapeLeft UIInterfaceOrientationLandscapeRight";
				INFOPLIST_KEY_UISupportedInterfaceOrientations_iPhone = "UIInterfaceOrientationPortrait UIInterfaceOrientationLandscapeLeft UIInterfaceOrientationLandscapeRight";
				IPHONEOS_DEPLOYMENT_TARGET = 17.6;
				LD_RUNPATH_SEARCH_PATHS = (
					"$(inherited)",
					"@executable_path/Frameworks",
				);
				MARKETING_VERSION = 1.0;
				PRODUCT_BUNDLE_IDENTIFIER = "com.fernandodm.Es-de-dia-o-de-noche";
				PRODUCT_NAME = "$(TARGET_NAME)";
				STRING_CATALOG_GENERATE_SYMBOLS = YES;
				SWIFT_APPROACHABLE_CONCURRENCY = YES;
				SWIFT_DEFAULT_ACTOR_ISOLATION = MainActor;
				SWIFT_EMIT_LOC_STRINGS = YES;
				SWIFT_OBJC_BRIDGING_HEADER = "Es de dia o de noche/Es de dia o de noche-Bridging-Header.h";
				SWIFT_UPCOMING_FEATURE_MEMBER_IMPORT_VISIBILITY = YES;
				SWIFT_VERSION = 5.0;
				TARGETED_DEVICE_FAMILY = "1,2";
			};
			name = Release;
		};
/* End XCBuildConfiguration section */

/* Begin XCConfigurationList section */
		391A43F72F3B434900E2DDBB /* Build configuration list for PBXNativeTarget "EsDeNocheWidgetExtension" */ = {
			isa = XCConfigurationList;
			buildConfigurations = (
				391A43F42F3B434900E2DDBB /* Debug */,
				391A43F52F3B434900E2DDBB /* Release */,
			);
			defaultConfigurationIsVisible = 0;
			defaultConfigurationName = Release;
		};
		398159612F3B6395005BD83C /* Build configuration list for PBXNativeTarget "EsDeNocheWatch Watch App" */ = {
			isa = XCConfigurationList;
			buildConfigurations = (
				3981595F2F3B6395005BD83C /* Debug */,
				398159602F3B6395005BD83C /* Release */,
			);
			defaultConfigurationIsVisible = 0;
			defaultConfigurationName = Release;
		};
		398159622F3B6395005BD83C /* Build configuration list for PBXNativeTarget "EsDeNocheWatch" */ = {
			isa = XCConfigurationList;
			buildConfigurations = (
				3981595C2F3B6395005BD83C /* Debug */,
				3981595D2F3B6395005BD83C /* Release */,
			);
			defaultConfigurationIsVisible = 0;
			defaultConfigurationName = Release;
		};
		39B5A2032F3B32D400256545 /* Build configuration list for PBXProject "Es de dia o de noche" */ = {
			isa = XCConfigurationList;
			buildConfigurations = (
				39B5A2112F3B32D500256545 /* Debug */,
				39B5A2122F3B32D500256545 /* Release */,
			);
			defaultConfigurationIsVisible = 0;
			defaultConfigurationName = Release;
		};
		39B5A2132F3B32D500256545 /* Build configuration list for PBXNativeTarget "Es de dia o de noche" */ = {
			isa = XCConfigurationList;
			buildConfigurations = (
				39B5A2142F3B32D500256545 /* Debug */,
				39B5A2152F3B32D500256545 /* Release */,
			);
			defaultConfigurationIsVisible = 0;
			defaultConfigurationName = Release;
		};
/* End XCConfigurationList section */
	};
	rootObject = 39B5A2002F3B32D400256545 /* Project object */;
}
